
Microsoft Visual Studio Solution File, Format Version 12.00
# Visual Studio Version 17
VisualStudioVersion = 17.14.36623.8 d17.14
MinimumVisualStudioVersion = 10.0.40219.1
Project("{FAE04EC0-301F-11D3-BF4B-00C04F79EFBC}") = "Calculator", "Calculator\Calculator.csproj", "{E69BBF18-19D8-4216-BE46-E38C3BA339BE}"
EndProject
Global
	GlobalSection(SolutionConfigurationPlatforms) = preSolution
		Debug|Any CPU = Debug|Any CPU
		Release|Any CPU = Release|Any CPU
	EndGlobalSection
	GlobalSection(ProjectConfigurationPlatforms) = postSolution
		{E69BBF18-19D8-4216-BE46-E38C3BA339BE}.Debug|Any CPU.ActiveCfg = Debug|Any CPU
		{E69BBF18-19D8-4216-BE46-E38C3BA339BE}.Debug|Any CPU.Build.0 = Debug|Any CPU
		{E69BBF18-19D8-4216-BE46-E38C3BA339BE}.Release|Any CPU.ActiveCfg = Release|Any CPU
		{E69BBF18-19D8-4216-BE46-E38C3BA339BE}.Release|Any CPU.Build.0 = Release|Any CPU
	EndGlobalSection
	GlobalSection(SolutionProperties) = preSolution
		HideSolutionNode = FALSE
	EndGlobalSection
	GlobalSection(ExtensibilityGlobals) = postSolution
		SolutionGuid = {9650A282-2F5C-4D4F-917B-2A382672B831}
	EndGlobalSection
EndGlobal
